
Microsoft Visual Studio Solution File, Format Version 12.00
# Visual Studio 2013
VisualStudioVersion = 12.0.21005.1
MinimumVisualStudioVersion = 10.0.40219.1
Project("{FAE04EC0-301F-11D3-BF4B-00C04F79EFBC}") = "Quiron.LojaVirtual.Dominio", "Quiron.LojaVirtual.Dominio\Quiron.LojaVirtual.Dominio.csproj", "{542F72FE-81CF-4CC5-ADEF-01D506E954D2}"
EndProject
Project("{FAE04EC0-301F-11D3-BF4B-00C04F79EFBC}") = "Quiron.LojaVirtual.Web", "Quiron.LojaVirtual.Web\Quiron.LojaVirtual.Web.csproj", "{6B714B8B-95AA-4327-AE36-9A73FA88839C}"
EndProject
Project("{FAE04EC0-301F-11D3-BF4B-00C04F79EFBC}") = "Quiron.LojaVirtual.UnitTest", "Quiron.LojaVirtual.UnitTest\Quiron.LojaVirtual.UnitTest.csproj", "{6AFEFE5C-5685-40CD-86D8-26C8B425F92C}"
EndProject
Global
	GlobalSection(SolutionConfigurationPlatforms) = preSolution
		Debug|Any CPU = Debug|Any CPU
		Release|Any CPU = Release|Any CPU
	EndGlobalSection
	GlobalSection(ProjectConfigurationPlatforms) = postSolution
		{542F72FE-81CF-4CC5-ADEF-01D506E954D2}.Debug|Any CPU.ActiveCfg = Debug|Any CPU
		{542F72FE-81CF-4CC5-ADEF-01D506E954D2}.Debug|Any CPU.Build.0 = Debug|Any CPU
		{542F72FE-81CF-4CC5-ADEF-01D506E954D2}.Release|Any CPU.ActiveCfg = Release|Any CPU
		{542F72FE-81CF-4CC5-ADEF-01D506E954D2}.Release|Any CPU.Build.0 = Release|Any CPU
		{6B714B8B-95AA-4327-AE36-9A73FA88839C}.Debug|Any CPU.ActiveCfg = Debug|Any CPU
		{6B714B8B-95AA-4327-AE36-9A73FA88839C}.Debug|Any CPU.Build.0 = Debug|Any CPU
		{6B714B8B-95AA-4327-AE36-9A73FA88839C}.Release|Any CPU.ActiveCfg = Release|Any CPU
		{6B714B8B-95AA-4327-AE36-9A73FA88839C}.Release|Any CPU.Build.0 = Release|Any CPU
		{6AFEFE5C-5685-40CD-86D8-26C8B425F92C}.Debug|Any CPU.ActiveCfg = Debug|Any CPU
		{6AFEFE5C-5685-40CD-86D8-26C8B425F92C}.Debug|Any CPU.Build.0 = Debug|Any CPU
		{6AFEFE5C-5685-40CD-86D8-26C8B425F92C}.Release|Any CPU.ActiveCfg = Release|Any CPU
		{6AFEFE5C-5685-40CD-86D8-26C8B425F92C}.Release|Any CPU.Build.0 = Release|Any CPU
	EndGlobalSection
	GlobalSection(SolutionProperties) = preSolution
		HideSolutionNode = FALSE
	EndGlobalSection
EndGlobal
